
Microsoft Visual Studio Solution File, Format Version 12.00
# Visual Studio Version 16
VisualStudioVersion = 16.0.810.25
MinimumVisualStudioVersion = 10.0.40219.1
Project("{FAE04EC0-301F-11D3-BF4B-00C04F79EFBC}") = "CustomCalendarView", "CustomCalendarView\CustomCalendarView.csproj", "{F96FD911-15A1-4829-9389-98DE59523F2A}"
EndProject
Global
	GlobalSection(SolutionConfigurationPlatforms) = preSolution
		Debug|Any CPU = Debug|Any CPU
		Release|Any CPU = Release|Any CPU
	EndGlobalSection
	GlobalSection(ProjectConfigurationPlatforms) = postSolution
		{F96FD911-15A1-4829-9389-98DE59523F2A}.Debug|Any CPU.ActiveCfg = Debug|Any CPU
		{F96FD911-15A1-4829-9389-98DE59523F2A}.Debug|Any CPU.Build.0 = Debug|Any CPU
		{F96FD911-15A1-4829-9389-98DE59523F2A}.Release|Any CPU.ActiveCfg = Release|Any CPU
		{F96FD911-15A1-4829-9389-98DE59523F2A}.Release|Any CPU.Build.0 = Release|Any CPU
	EndGlobalSection
	GlobalSection(SolutionProperties) = preSolution
		HideSolutionNode = FALSE
	EndGlobalSection
	GlobalSection(ExtensibilityGlobals) = postSolution
		SolutionGuid = {E33951A2-C0F3-49EE-8B4E-B4C7FB949AE7}
	EndGlobalSection
	GlobalSection(MonoDevelopProperties) = preSolution
		Policies = $0
		$0.DotNetNamingPolicy = $1
		$1.DirectoryNamespaceAssociation = PrefixedHierarchical
		$0.VersionControlPolicy = $2
	EndGlobalSection
EndGlobal
